
Microsoft Visual Studio Solution File, Format Version 12.00
# Visual Studio Version 17
VisualStudioVersion = 17.8.34309.116
MinimumVisualStudioVersion = 10.0.40219.1
Project("{2150E333-8FDC-42A3-9474-1A3956D46DE8}") = "FrontEnd", "FrontEnd", "{00196803-AF72-4593-8A8A-EDE7870DDBD8}"
EndProject
Project("{2150E333-8FDC-42A3-9474-1A3956D46DE8}") = "Services", "Services", "{95527DC5-5B63-4F66-8A13-89F82C974FA2}"
EndProject
Project("{FAE04EC0-301F-11D3-BF4B-00C04F79EFBC}") = "GeekShooping.Web", "GeekShooping.Web\GeekShooping.Web.csproj", "{5B8F61A6-4941-41FD-B000-38C50673B950}"
EndProject
Global
	GlobalSection(SolutionConfigurationPlatforms) = preSolution
		Debug|Any CPU = Debug|Any CPU
		Release|Any CPU = Release|Any CPU
	EndGlobalSection
	GlobalSection(ProjectConfigurationPlatforms) = postSolution
		{5B8F61A6-4941-41FD-B000-38C50673B950}.Debug|Any CPU.ActiveCfg = Debug|Any CPU
		{5B8F61A6-4941-41FD-B000-38C50673B950}.Debug|Any CPU.Build.0 = Debug|Any CPU
		{5B8F61A6-4941-41FD-B000-38C50673B950}.Release|Any CPU.ActiveCfg = Release|Any CPU
		{5B8F61A6-4941-41FD-B000-38C50673B950}.Release|Any CPU.Build.0 = Release|Any CPU
	EndGlobalSection
	GlobalSection(SolutionProperties) = preSolution
		HideSolutionNode = FALSE
	EndGlobalSection
	GlobalSection(NestedProjects) = preSolution
		{5B8F61A6-4941-41FD-B000-38C50673B950} = {00196803-AF72-4593-8A8A-EDE7870DDBD8}
	EndGlobalSection
	GlobalSection(ExtensibilityGlobals) = postSolution
		SolutionGuid = {38BA9EEA-9F6F-4CDF-BC79-ADAEAEC222F5}
	EndGlobalSection
EndGlobal
