
Microsoft Visual Studio Solution File, Format Version 12.00
# Visual Studio Version 17
VisualStudioVersion = 17.8.34309.116
MinimumVisualStudioVersion = 10.0.40219.1
Project("{2150E333-8FDC-42A3-9474-1A3956D46DE8}") = "FrontEnd", "FrontEnd", "{00196803-AF72-4593-8A8A-EDE7870DDBD8}"
EndProject
Project("{2150E333-8FDC-42A3-9474-1A3956D46DE8}") = "Services", "Services", "{95527DC5-5B63-4F66-8A13-89F82C974FA2}"
EndProject
Project("{9A19103F-16F7-4668-BE54-9A1E7A4F7556}") = "GeekShopping.Web", "GeekShooping.Web\GeekShopping.Web.csproj", "{5B8F61A6-4941-41FD-B000-38C50673B950}"
EndProject
Project("{9A19103F-16F7-4668-BE54-9A1E7A4F7556}") = "GeekShopping.ProductAPI", "GeekShopping.Product.API\GeekShopping.ProductAPI.csproj", "{FFD6699C-370C-4126-BF65-173ACECA5C46}"
EndProject
Project("{9A19103F-16F7-4668-BE54-9A1E7A4F7556}") = "GeekShopping.IdentityServer", "GeekShopping.IdentityServer\GeekShopping.IdentityServer.csproj", "{2DBD6306-E53E-46A4-B964-AA37AA04043A}"
EndProject
Project("{9A19103F-16F7-4668-BE54-9A1E7A4F7556}") = "GeekShopping.CartAPI", "GeekShopping.CartAPI\GeekShopping.CartAPI.csproj", "{0CEB0B0B-518E-439A-AC4F-EAF6B8EA8DFC}"
EndProject
Project("{9A19103F-16F7-4668-BE54-9A1E7A4F7556}") = "GeekShopping.CouponAPI", "GeekShopping.CouponAPI\GeekShopping.CouponAPI.csproj", "{6F857A25-DA34-4F38-8E11-E4CDCCBD1F5A}"
EndProject
Project("{2150E333-8FDC-42A3-9474-1A3956D46DE8}") = "Integration", "Integration", "{606D082E-BC51-48C0-BA47-203D468C3A8A}"
EndProject
Project("{9A19103F-16F7-4668-BE54-9A1E7A4F7556}") = "GeekShopping.MessageBus", "GeekShopping.MessageBus\GeekShopping.MessageBus.csproj", "{5777F5C4-9488-4B0E-AE03-71A3502353E4}"
EndProject
Project("{FAE04EC0-301F-11D3-BF4B-00C04F79EFBC}") = "GeekShopping.OrderAPI", "GeekShopping.OrderAPI\GeekShopping.OrderAPI.csproj", "{52BA9A75-5A68-49DB-9BE5-F0C60D02CC51}"
EndProject
Global
	GlobalSection(SolutionConfigurationPlatforms) = preSolution
		Debug|Any CPU = Debug|Any CPU
		Release|Any CPU = Release|Any CPU
	EndGlobalSection
	GlobalSection(ProjectConfigurationPlatforms) = postSolution
		{5B8F61A6-4941-41FD-B000-38C50673B950}.Debug|Any CPU.ActiveCfg = Debug|Any CPU
		{5B8F61A6-4941-41FD-B000-38C50673B950}.Debug|Any CPU.Build.0 = Debug|Any CPU
		{5B8F61A6-4941-41FD-B000-38C50673B950}.Release|Any CPU.ActiveCfg = Release|Any CPU
		{5B8F61A6-4941-41FD-B000-38C50673B950}.Release|Any CPU.Build.0 = Release|Any CPU
		{FFD6699C-370C-4126-BF65-173ACECA5C46}.Debug|Any CPU.ActiveCfg = Debug|Any CPU
		{FFD6699C-370C-4126-BF65-173ACECA5C46}.Debug|Any CPU.Build.0 = Debug|Any CPU
		{FFD6699C-370C-4126-BF65-173ACECA5C46}.Release|Any CPU.ActiveCfg = Release|Any CPU
		{FFD6699C-370C-4126-BF65-173ACECA5C46}.Release|Any CPU.Build.0 = Release|Any CPU
		{2DBD6306-E53E-46A4-B964-AA37AA04043A}.Debug|Any CPU.ActiveCfg = Debug|Any CPU
		{2DBD6306-E53E-46A4-B964-AA37AA04043A}.Debug|Any CPU.Build.0 = Debug|Any CPU
		{2DBD6306-E53E-46A4-B964-AA37AA04043A}.Release|Any CPU.ActiveCfg = Release|Any CPU
		{2DBD6306-E53E-46A4-B964-AA37AA04043A}.Release|Any CPU.Build.0 = Release|Any CPU
		{0CEB0B0B-518E-439A-AC4F-EAF6B8EA8DFC}.Debug|Any CPU.ActiveCfg = Debug|Any CPU
		{0CEB0B0B-518E-439A-AC4F-EAF6B8EA8DFC}.Debug|Any CPU.Build.0 = Debug|Any CPU
		{0CEB0B0B-518E-439A-AC4F-EAF6B8EA8DFC}.Release|Any CPU.ActiveCfg = Release|Any CPU
		{0CEB0B0B-518E-439A-AC4F-EAF6B8EA8DFC}.Release|Any CPU.Build.0 = Release|Any CPU
		{6F857A25-DA34-4F38-8E11-E4CDCCBD1F5A}.Debug|Any CPU.ActiveCfg = Debug|Any CPU
		{6F857A25-DA34-4F38-8E11-E4CDCCBD1F5A}.Debug|Any CPU.Build.0 = Debug|Any CPU
		{6F857A25-DA34-4F38-8E11-E4CDCCBD1F5A}.Release|Any CPU.ActiveCfg = Release|Any CPU
		{6F857A25-DA34-4F38-8E11-E4CDCCBD1F5A}.Release|Any CPU.Build.0 = Release|Any CPU
		{5777F5C4-9488-4B0E-AE03-71A3502353E4}.Debug|Any CPU.ActiveCfg = Debug|Any CPU
		{5777F5C4-9488-4B0E-AE03-71A3502353E4}.Debug|Any CPU.Build.0 = Debug|Any CPU
		{5777F5C4-9488-4B0E-AE03-71A3502353E4}.Release|Any CPU.ActiveCfg = Release|Any CPU
		{5777F5C4-9488-4B0E-AE03-71A3502353E4}.Release|Any CPU.Build.0 = Release|Any CPU
		{52BA9A75-5A68-49DB-9BE5-F0C60D02CC51}.Debug|Any CPU.ActiveCfg = Debug|Any CPU
		{52BA9A75-5A68-49DB-9BE5-F0C60D02CC51}.Debug|Any CPU.Build.0 = Debug|Any CPU
		{52BA9A75-5A68-49DB-9BE5-F0C60D02CC51}.Release|Any CPU.ActiveCfg = Release|Any CPU
		{52BA9A75-5A68-49DB-9BE5-F0C60D02CC51}.Release|Any CPU.Build.0 = Release|Any CPU
	EndGlobalSection
	GlobalSection(SolutionProperties) = preSolution
		HideSolutionNode = FALSE
	EndGlobalSection
	GlobalSection(NestedProjects) = preSolution
		{5B8F61A6-4941-41FD-B000-38C50673B950} = {00196803-AF72-4593-8A8A-EDE7870DDBD8}
		{FFD6699C-370C-4126-BF65-173ACECA5C46} = {95527DC5-5B63-4F66-8A13-89F82C974FA2}
		{2DBD6306-E53E-46A4-B964-AA37AA04043A} = {95527DC5-5B63-4F66-8A13-89F82C974FA2}
		{0CEB0B0B-518E-439A-AC4F-EAF6B8EA8DFC} = {95527DC5-5B63-4F66-8A13-89F82C974FA2}
		{6F857A25-DA34-4F38-8E11-E4CDCCBD1F5A} = {95527DC5-5B63-4F66-8A13-89F82C974FA2}
		{5777F5C4-9488-4B0E-AE03-71A3502353E4} = {606D082E-BC51-48C0-BA47-203D468C3A8A}
		{52BA9A75-5A68-49DB-9BE5-F0C60D02CC51} = {95527DC5-5B63-4F66-8A13-89F82C974FA2}
	EndGlobalSection
	GlobalSection(ExtensibilityGlobals) = postSolution
		SolutionGuid = {38BA9EEA-9F6F-4CDF-BC79-ADAEAEC222F5}
	EndGlobalSection
EndGlobal
